{
    "_readme": [
        "This file locks the dependencies of your project to a known state",
        "Read more about it at https://getcomposer.org/doc/01-basic-usage.md#composer-lock-the-lock-file",
        "This file is @generated automatically"
    ],
    "content-hash": "a5ebd2ece1112139307fff902b5ffd3a",
    "packages": [
        {
            "name": "sendotp/sendotp",
            "version": "1.1",
            "source": {
                "type": "git",
                "url": "https://github.com/MSG91/sendotp-php.git",
                "reference": "bd171fe43332c384a7ca9058b871ebc1a7be75c1"
            },
            "dist": {
                "type": "zip",
                "url": "https://api.github.com/repos/MSG91/sendotp-php/zipball/bd171fe43332c384a7ca9058b871ebc1a7be75c1",
                "reference": "bd171fe43332c384a7ca9058b871ebc1a7be75c1",
                "shasum": ""
            },
            "type": "library",
            "autoload": {
                "psr-0": {
                    "sendotp\\": "src/"
                }
            },
            "notification-url": "https://packagist.org/downloads/",
            "authors": [
                {
                    "name": "Rahul Chordiya",
                    "email": "rahul@walkover.in"
                }
            ],
            "time": "2017-08-04T12:31:20+00:00"
        }
    ],
    "packages-dev": [],
    "aliases": [],
    "minimum-stability": "stable",
    "stability-flags": [],
    "prefer-stable": false,
    "prefer-lowest": false,
    "platform": [],
    "platform-dev": []
}
